
Microsoft Visual Studio Solution File, Format Version 12.00
# Visual Studio 15
VisualStudioVersion = 15.0.28307.1267
MinimumVisualStudioVersion = 10.0.40219.1
Project("{8BC9CEB8-8B4A-11D0-8D11-00A0C91BC942}") = "hw", "hw\hw.vcxproj", "{F78DBD57-F17E-4423-95C4-4A428D77184D}"
EndProject
Global
	GlobalSection(SolutionConfigurationPlatforms) = preSolution
		Debug|x64 = Debug|x64
		Debug|x86 = Debug|x86
		Release|x64 = Release|x64
		Release|x86 = Release|x86
	EndGlobalSection
	GlobalSection(ProjectConfigurationPlatforms) = postSolution
		{F78DBD57-F17E-4423-95C4-4A428D77184D}.Debug|x64.ActiveCfg = Debug|x64
		{F78DBD57-F17E-4423-95C4-4A428D77184D}.Debug|x64.Build.0 = Debug|x64
		{F78DBD57-F17E-4423-95C4-4A428D77184D}.Debug|x86.ActiveCfg = Debug|Win32
		{F78DBD57-F17E-4423-95C4-4A428D77184D}.Debug|x86.Build.0 = Debug|Win32
		{F78DBD57-F17E-4423-95C4-4A428D77184D}.Release|x64.ActiveCfg = Release|x64
		{F78DBD57-F17E-4423-95C4-4A428D77184D}.Release|x64.Build.0 = Release|x64
		{F78DBD57-F17E-4423-95C4-4A428D77184D}.Release|x86.ActiveCfg = Release|Win32
		{F78DBD57-F17E-4423-95C4-4A428D77184D}.Release|x86.Build.0 = Release|Win32
	EndGlobalSection
	GlobalSection(SolutionProperties) = preSolution
		HideSolutionNode = FALSE
	EndGlobalSection
	GlobalSection(ExtensibilityGlobals) = postSolution
		SolutionGuid = {E2780E29-DB11-4B99-BC60-BD5E33CB8164}
	EndGlobalSection
EndGlobal
