
Microsoft Visual Studio Solution File, Format Version 12.00
# Visual Studio 15
VisualStudioVersion = 15.0.28307.1209
MinimumVisualStudioVersion = 10.0.40219.1
Project("{8BC9CEB8-8B4A-11D0-8D11-00A0C91BC942}") = "Lab1-1", "Lab1-1\Lab1-1.vcxproj", "{4595EA0E-9820-4702-9CCE-982BEEDE1AC4}"
EndProject
Global
	GlobalSection(SolutionConfigurationPlatforms) = preSolution
		Debug|x64 = Debug|x64
		Debug|x86 = Debug|x86
		Release|x64 = Release|x64
		Release|x86 = Release|x86
	EndGlobalSection
	GlobalSection(ProjectConfigurationPlatforms) = postSolution
		{4595EA0E-9820-4702-9CCE-982BEEDE1AC4}.Debug|x64.ActiveCfg = Debug|x64
		{4595EA0E-9820-4702-9CCE-982BEEDE1AC4}.Debug|x64.Build.0 = Debug|x64
		{4595EA0E-9820-4702-9CCE-982BEEDE1AC4}.Debug|x86.ActiveCfg = Debug|Win32
		{4595EA0E-9820-4702-9CCE-982BEEDE1AC4}.Debug|x86.Build.0 = Debug|Win32
		{4595EA0E-9820-4702-9CCE-982BEEDE1AC4}.Release|x64.ActiveCfg = Release|x64
		{4595EA0E-9820-4702-9CCE-982BEEDE1AC4}.Release|x64.Build.0 = Release|x64
		{4595EA0E-9820-4702-9CCE-982BEEDE1AC4}.Release|x86.ActiveCfg = Release|Win32
		{4595EA0E-9820-4702-9CCE-982BEEDE1AC4}.Release|x86.Build.0 = Release|Win32
	EndGlobalSection
	GlobalSection(SolutionProperties) = preSolution
		HideSolutionNode = FALSE
	EndGlobalSection
	GlobalSection(ExtensibilityGlobals) = postSolution
		SolutionGuid = {886BA70E-5996-42EA-B23A-B53F89509892}
	EndGlobalSection
EndGlobal
